
Microsoft Visual Studio Solution File, Format Version 12.00
# Visual Studio Version 16
VisualStudioVersion = 16.0.30717.126
MinimumVisualStudioVersion = 10.0.40219.1
Project("{FAE04EC0-301F-11D3-BF4B-00C04F79EFBC}") = "GDPRCore", "GDPRCore\GDPRCore.csproj", "{6C816A2E-F365-47EE-AEDC-2438C7DD67EC}"
EndProject
Project("{FAE04EC0-301F-11D3-BF4B-00C04F79EFBC}") = "DSoft.EntityFrameworkCore.GDPR", "DSoft.EntityFrameworkCore.GDPR\DSoft.EntityFrameworkCore.GDPR.csproj", "{6BB6389E-2977-4F2B-BF71-A1EFA16CE360}"
EndProject
Global
	GlobalSection(SolutionConfigurationPlatforms) = preSolution
		Debug|Any CPU = Debug|Any CPU
		Release|Any CPU = Release|Any CPU
	EndGlobalSection
	GlobalSection(ProjectConfigurationPlatforms) = postSolution
		{6C816A2E-F365-47EE-AEDC-2438C7DD67EC}.Debug|Any CPU.ActiveCfg = Debug|Any CPU
		{6C816A2E-F365-47EE-AEDC-2438C7DD67EC}.Debug|Any CPU.Build.0 = Debug|Any CPU
		{6C816A2E-F365-47EE-AEDC-2438C7DD67EC}.Release|Any CPU.ActiveCfg = Release|Any CPU
		{6C816A2E-F365-47EE-AEDC-2438C7DD67EC}.Release|Any CPU.Build.0 = Release|Any CPU
		{6BB6389E-2977-4F2B-BF71-A1EFA16CE360}.Debug|Any CPU.ActiveCfg = Debug|Any CPU
		{6BB6389E-2977-4F2B-BF71-A1EFA16CE360}.Debug|Any CPU.Build.0 = Debug|Any CPU
		{6BB6389E-2977-4F2B-BF71-A1EFA16CE360}.Release|Any CPU.ActiveCfg = Release|Any CPU
		{6BB6389E-2977-4F2B-BF71-A1EFA16CE360}.Release|Any CPU.Build.0 = Release|Any CPU
	EndGlobalSection
	GlobalSection(SolutionProperties) = preSolution
		HideSolutionNode = FALSE
	EndGlobalSection
	GlobalSection(ExtensibilityGlobals) = postSolution
		SolutionGuid = {CDF861E5-23E8-44B5-824D-B4E8C54E3BCC}
	EndGlobalSection
EndGlobal
